{
  "registry": "Adam-S-Daniel/agentskills",
  "ref": "ca44468418e6eccc6c37e76f258b88e248ebe2e2",
  "bundles": [
    "adam"
  ],
  "skills": {
    "adam/adam-writing-style": "a6f71e6d91694783225d4a7bb9e89be2264f46a7d28cde4c22d48cdd5acb8fa5",
    "adam/debug-github-workflows": "a695b854250e5c6b8255558354108a406ba2197c500d27173cb7a83b9beb1ffd",
    "adam/finding-unknowns": "a67b7663b5b44d07cfddeb923ce19f3cf79447e052658a69cf7fcb985fc0130d",
    "adam/github-actions-repo-settings": "4711abccdea94761a17c276127f52d95ffcba2b8364f8879fbab2747a6b8d4cf",
    "adam/pin-actions-to-sha": "024a5700be8310504da906220b3fca643747ada4ca8518982de88cb30b2f4042",
    "adam/review-bash-ci-reliability": "1e1c2993689cfe79b6f1345de09101ff7d3b4b902a34ae5b458ee86e3f28f8b9",
    "adam/workflow-path-audit": "1dc1f8194b9cd171ac2f6a75bf13c2f36a93854b7b5d4452ed78bae2843fe149",
    "adam/writing-adrs": "4e9a4b9472bd3d92501bf0d7f882544ba66e8b03aa48bac7fa1689c45d903820"
  },
  "generated_from": "ca44468418e6eccc6c37e76f258b88e248ebe2e2"
}
